
Microsoft Visual Studio Solution File, Format Version 12.00
# Visual Studio Version 16
VisualStudioVersion = 16.0.30011.22
MinimumVisualStudioVersion = 10.0.40219.1
Project("{FAE04EC0-301F-11D3-BF4B-00C04F79EFBC}") = "Rechenautomat.ConsoleApp", "Rechenautomat.ConsoleApp\Rechenautomat.ConsoleApp.csproj", "{6D5CE9AB-2D89-4AAF-B4F1-385B47E2BCCE}"
EndProject
Project("{FAE04EC0-301F-11D3-BF4B-00C04F79EFBC}") = "Rechenautomat.Bib", "Rechenautomat.Bib\Rechenautomat.Bib.csproj", "{B48EE71D-ADDA-4AA2-810F-803B0DE6A864}"
EndProject
Project("{FAE04EC0-301F-11D3-BF4B-00C04F79EFBC}") = "Rechenautomat.WpfApp", "Rechenautomat.WpfApp\Rechenautomat.WpfApp.csproj", "{5B3C01AF-DCA4-49BF-8FFC-587CDC19BD9E}"
EndProject
Global
	GlobalSection(SolutionConfigurationPlatforms) = preSolution
		Debug|Any CPU = Debug|Any CPU
		Release|Any CPU = Release|Any CPU
	EndGlobalSection
	GlobalSection(ProjectConfigurationPlatforms) = postSolution
		{6D5CE9AB-2D89-4AAF-B4F1-385B47E2BCCE}.Debug|Any CPU.ActiveCfg = Debug|Any CPU
		{6D5CE9AB-2D89-4AAF-B4F1-385B47E2BCCE}.Debug|Any CPU.Build.0 = Debug|Any CPU
		{6D5CE9AB-2D89-4AAF-B4F1-385B47E2BCCE}.Release|Any CPU.ActiveCfg = Release|Any CPU
		{6D5CE9AB-2D89-4AAF-B4F1-385B47E2BCCE}.Release|Any CPU.Build.0 = Release|Any CPU
		{B48EE71D-ADDA-4AA2-810F-803B0DE6A864}.Debug|Any CPU.ActiveCfg = Debug|Any CPU
		{B48EE71D-ADDA-4AA2-810F-803B0DE6A864}.Debug|Any CPU.Build.0 = Debug|Any CPU
		{B48EE71D-ADDA-4AA2-810F-803B0DE6A864}.Release|Any CPU.ActiveCfg = Release|Any CPU
		{B48EE71D-ADDA-4AA2-810F-803B0DE6A864}.Release|Any CPU.Build.0 = Release|Any CPU
		{5B3C01AF-DCA4-49BF-8FFC-587CDC19BD9E}.Debug|Any CPU.ActiveCfg = Debug|Any CPU
		{5B3C01AF-DCA4-49BF-8FFC-587CDC19BD9E}.Debug|Any CPU.Build.0 = Debug|Any CPU
		{5B3C01AF-DCA4-49BF-8FFC-587CDC19BD9E}.Release|Any CPU.ActiveCfg = Release|Any CPU
		{5B3C01AF-DCA4-49BF-8FFC-587CDC19BD9E}.Release|Any CPU.Build.0 = Release|Any CPU
	EndGlobalSection
	GlobalSection(SolutionProperties) = preSolution
		HideSolutionNode = FALSE
	EndGlobalSection
	GlobalSection(ExtensibilityGlobals) = postSolution
		SolutionGuid = {92A785DA-45CF-4776-B217-F54ED12BC86C}
	EndGlobalSection
EndGlobal
